<?xml version="1.0" encoding="utf-8"?>
<Project ToolsVersion="4.0" xmlns="http://schemas.microsoft.com/developer/msbuild/2003">
  <ItemGroup>
    <ClCompile Include="Main.cpp" />
    <ClCompile Include="MainGame.cpp" />
    <ClCompile Include="stdafx.cpp" />
    <ClCompile Include="Materials\ColorMaterial.cpp" />
    <ClCompile Include="Materials\DiffuseMaterial.cpp" />
    <ClCompile Include="Materials\Post\PostBlur.cpp" />
    <ClCompile Include="Materials\Post\PostGrayscale.cpp" />
    <ClCompile Include="CourseObjects\Final\BombermanLevel.cpp" />
    <ClCompile Include="CourseObjects\Final\PlayingField.cpp" />
    <ClCompile Include="CourseObjects\Final\Player.cpp" />
    <ClCompile Include="Materials\WaterMaterial.cpp" />
    <ClCompile Include="Materials\FoamMaterial.cpp" />
    <ClCompile Include="Materials\SkinnedDiffuseMaterial.cpp" />
    <ClCompile Include="CourseObjects\Final\MainMenu.cpp" />
    <ClCompile Include="Materials\Post\PostKuwahara.cpp" />
    <ClCompile Include="Materials\Post\PostKuwaharaCharcoal.cpp" />
    <ClCompile Include="Materials\Post\PostBarrel.cpp" />
    <ClCompile Include="Materials\Post\PostCircles.cpp" />
    <ClCompile Include="Materials\Post\PostEdges.cpp" />
    <ClCompile Include="Materials\Post\PostMonoScanline.cpp" />
    <ClCompile Include="Materials\Post\PostRGBScanline.cpp" />
    <ClCompile Include="CourseObjects\Final\ControlsScreen.cpp" />
  </ItemGroup>
  <ItemGroup>
    <ClInclude Include="MainGame.h" />
    <ClInclude Include="stdafx.h" />
    <ClInclude Include="Materials\ColorMaterial.h" />
    <ClInclude Include="Materials\DiffuseMaterial.h" />
    <ClInclude Include="Materials\Post\PostBlur.h" />
    <ClInclude Include="Materials\Post\PostGrayscale.h" />
    <ClInclude Include="CourseObjects\Final\BombermanLevel.h" />
    <ClInclude Include="CourseObjects\Final\PlayingField.h" />
    <ClInclude Include="CourseObjects\Final\Player.h" />
    <ClInclude Include="Materials\WaterMaterial.h" />
    <ClInclude Include="Materials\FoamMaterial.h" />
    <ClInclude Include="Materials\SkinnedDiffuseMaterial.h" />
    <ClInclude Include="CourseObjects\Final\MainMenu.h" />
    <ClInclude Include="Materials\Post\PostKuwahara.h" />
    <ClInclude Include="Materials\Post\PostKuwaharaCharcoal.h" />
    <ClInclude Include="Materials\Post\PostBarrel.h" />
    <ClInclude Include="Materials\Post\PostCircles.h" />
    <ClInclude Include="Materials\Post\PostEdges.h" />
    <ClInclude Include="Materials\Post\PostMonoScanline.h" />
    <ClInclude Include="Materials\Post\PostRGBScanline.h" />
    <ClInclude Include="CourseObjects\Final\ControlsScreen.h" />
  </ItemGroup>
</Project>